
Microsoft Visual Studio Solution File, Format Version 12.00
# Visual Studio 15
VisualStudioVersion = 15.0.28307.421
MinimumVisualStudioVersion = 10.0.40219.1
Project("{888888A0-9F3D-457C-B088-3A5042F75D52}") = "test_comp_database", "test_maiminer\test_comp_database.pyproj", "{1D8755D1-352A-458D-B604-40F8AA31473D}"
EndProject
Project("{888888A0-9F3D-457C-B088-3A5042F75D52}") = "test_database", "test\test_database.pyproj", "{0C8C9BF9-4F9F-4D83-9780-461DB0A3AABA}"
EndProject
Project("{888888A0-9F3D-457C-B088-3A5042F75D52}") = "test_scikitlearn", "test_scikitlearn\test_scikitlearn.pyproj", "{92CB3FD3-2049-4B2F-8735-68F69511355F}"
EndProject
Project("{888888A0-9F3D-457C-B088-3A5042F75D52}") = "pre_bulk_gap", "pre_bulk_gap\pre_bulk_gap.pyproj", "{D98E5114-5EB7-47B9-98D5-B723D0E13169}"
EndProject
Project("{888888A0-9F3D-457C-B088-3A5042F75D52}") = "for_real_2d", "for_real_2d\for_real_2d.pyproj", "{B1E41222-A52A-4FDD-8E79-72873C80E5D6}"
EndProject
Global
	GlobalSection(SolutionConfigurationPlatforms) = preSolution
		Debug|Any CPU = Debug|Any CPU
		Release|Any CPU = Release|Any CPU
	EndGlobalSection
	GlobalSection(ProjectConfigurationPlatforms) = postSolution
		{1D8755D1-352A-458D-B604-40F8AA31473D}.Debug|Any CPU.ActiveCfg = Debug|Any CPU
		{1D8755D1-352A-458D-B604-40F8AA31473D}.Release|Any CPU.ActiveCfg = Release|Any CPU
		{0C8C9BF9-4F9F-4D83-9780-461DB0A3AABA}.Debug|Any CPU.ActiveCfg = Debug|Any CPU
		{0C8C9BF9-4F9F-4D83-9780-461DB0A3AABA}.Release|Any CPU.ActiveCfg = Release|Any CPU
		{92CB3FD3-2049-4B2F-8735-68F69511355F}.Debug|Any CPU.ActiveCfg = Debug|Any CPU
		{92CB3FD3-2049-4B2F-8735-68F69511355F}.Release|Any CPU.ActiveCfg = Release|Any CPU
		{D98E5114-5EB7-47B9-98D5-B723D0E13169}.Debug|Any CPU.ActiveCfg = Debug|Any CPU
		{D98E5114-5EB7-47B9-98D5-B723D0E13169}.Release|Any CPU.ActiveCfg = Release|Any CPU
		{B1E41222-A52A-4FDD-8E79-72873C80E5D6}.Debug|Any CPU.ActiveCfg = Debug|Any CPU
		{B1E41222-A52A-4FDD-8E79-72873C80E5D6}.Release|Any CPU.ActiveCfg = Release|Any CPU
	EndGlobalSection
	GlobalSection(SolutionProperties) = preSolution
		HideSolutionNode = FALSE
	EndGlobalSection
	GlobalSection(ExtensibilityGlobals) = postSolution
		SolutionGuid = {819E53DA-6074-4EC1-BE0F-5CB3B5D33521}
	EndGlobalSection
EndGlobal
